
Microsoft Visual Studio Solution File, Format Version 12.00
# Visual Studio Version 17
VisualStudioVersion = 17.9.34728.123
MinimumVisualStudioVersion = 10.0.40219.1
Project("{9A19103F-16F7-4668-BE54-9A1E7A4F7556}") = "BusinessCardsProject", "BusinessCards\BusinessCardsProject.csproj", "{C1D84046-F095-411F-9B4B-5FA79C1E211C}"
EndProject
Project("{9A19103F-16F7-4668-BE54-9A1E7A4F7556}") = "Domain", "Domain\Domain.csproj", "{922261CD-E490-4BA2-B34A-5671003C1856}"
EndProject
Project("{9A19103F-16F7-4668-BE54-9A1E7A4F7556}") = "Repository", "Repository\Repository.csproj", "{8182C203-1275-4669-866A-A7039542E228}"
EndProject
Project("{9A19103F-16F7-4668-BE54-9A1E7A4F7556}") = "Services", "Services\Services.csproj", "{95F6B500-EED8-4F95-81FF-348CCDDC6A21}"
EndProject
Project("{FAE04EC0-301F-11D3-BF4B-00C04F79EFBC}") = "Tests", "Tests\Tests.csproj", "{0E01C7F7-5945-4CEB-8AAD-9DF3276B93F8}"
EndProject
Global
	GlobalSection(SolutionConfigurationPlatforms) = preSolution
		Debug|Any CPU = Debug|Any CPU
		Release|Any CPU = Release|Any CPU
	EndGlobalSection
	GlobalSection(ProjectConfigurationPlatforms) = postSolution
		{C1D84046-F095-411F-9B4B-5FA79C1E211C}.Debug|Any CPU.ActiveCfg = Debug|Any CPU
		{C1D84046-F095-411F-9B4B-5FA79C1E211C}.Debug|Any CPU.Build.0 = Debug|Any CPU
		{C1D84046-F095-411F-9B4B-5FA79C1E211C}.Release|Any CPU.ActiveCfg = Release|Any CPU
		{C1D84046-F095-411F-9B4B-5FA79C1E211C}.Release|Any CPU.Build.0 = Release|Any CPU
		{922261CD-E490-4BA2-B34A-5671003C1856}.Debug|Any CPU.ActiveCfg = Debug|Any CPU
		{922261CD-E490-4BA2-B34A-5671003C1856}.Debug|Any CPU.Build.0 = Debug|Any CPU
		{922261CD-E490-4BA2-B34A-5671003C1856}.Release|Any CPU.ActiveCfg = Release|Any CPU
		{922261CD-E490-4BA2-B34A-5671003C1856}.Release|Any CPU.Build.0 = Release|Any CPU
		{8182C203-1275-4669-866A-A7039542E228}.Debug|Any CPU.ActiveCfg = Debug|Any CPU
		{8182C203-1275-4669-866A-A7039542E228}.Debug|Any CPU.Build.0 = Debug|Any CPU
		{8182C203-1275-4669-866A-A7039542E228}.Release|Any CPU.ActiveCfg = Release|Any CPU
		{8182C203-1275-4669-866A-A7039542E228}.Release|Any CPU.Build.0 = Release|Any CPU
		{95F6B500-EED8-4F95-81FF-348CCDDC6A21}.Debug|Any CPU.ActiveCfg = Debug|Any CPU
		{95F6B500-EED8-4F95-81FF-348CCDDC6A21}.Debug|Any CPU.Build.0 = Debug|Any CPU
		{95F6B500-EED8-4F95-81FF-348CCDDC6A21}.Release|Any CPU.ActiveCfg = Release|Any CPU
		{95F6B500-EED8-4F95-81FF-348CCDDC6A21}.Release|Any CPU.Build.0 = Release|Any CPU
		{0E01C7F7-5945-4CEB-8AAD-9DF3276B93F8}.Debug|Any CPU.ActiveCfg = Debug|Any CPU
		{0E01C7F7-5945-4CEB-8AAD-9DF3276B93F8}.Debug|Any CPU.Build.0 = Debug|Any CPU
		{0E01C7F7-5945-4CEB-8AAD-9DF3276B93F8}.Release|Any CPU.ActiveCfg = Release|Any CPU
		{0E01C7F7-5945-4CEB-8AAD-9DF3276B93F8}.Release|Any CPU.Build.0 = Release|Any CPU
	EndGlobalSection
	GlobalSection(SolutionProperties) = preSolution
		HideSolutionNode = FALSE
	EndGlobalSection
	GlobalSection(ExtensibilityGlobals) = postSolution
		SolutionGuid = {8B2181B1-B5E3-4B8F-9903-606FDBF4EB1E}
	EndGlobalSection
EndGlobal
